
Microsoft Visual Studio Solution File, Format Version 12.00
# Visual Studio Version 17
VisualStudioVersion = 17.1.32210.238
MinimumVisualStudioVersion = 10.0.40219.1
Project("{9A19103F-16F7-4668-BE54-9A1E7A4F7556}") = "MVC_Start", "MVC_Start.csproj", "{CC894AAB-59EC-4212-A7D6-EAA5C857D3EC}"
EndProject
Global
	GlobalSection(SolutionConfigurationPlatforms) = preSolution
		Debug|Any CPU = Debug|Any CPU
		Release|Any CPU = Release|Any CPU
	EndGlobalSection
	GlobalSection(ProjectConfigurationPlatforms) = postSolution
		{CC894AAB-59EC-4212-A7D6-EAA5C857D3EC}.Debug|Any CPU.ActiveCfg = Debug|Any CPU
		{CC894AAB-59EC-4212-A7D6-EAA5C857D3EC}.Debug|Any CPU.Build.0 = Debug|Any CPU
		{CC894AAB-59EC-4212-A7D6-EAA5C857D3EC}.Release|Any CPU.ActiveCfg = Release|Any CPU
		{CC894AAB-59EC-4212-A7D6-EAA5C857D3EC}.Release|Any CPU.Build.0 = Release|Any CPU
	EndGlobalSection
	GlobalSection(SolutionProperties) = preSolution
		HideSolutionNode = FALSE
	EndGlobalSection
	GlobalSection(ExtensibilityGlobals) = postSolution
		SolutionGuid = {02FBEAD8-DACC-4CE2-A615-AD35A5048EC8}
	EndGlobalSection
EndGlobal
